// !$*UTF8*$!
{
	archiveVersion = 1;
	classes = {
	};
	objectVersion = 46;
	objects = {

/* Begin PBXBuildFile section */
		CD46233E19330A6E008C3D50 /* Foundation.framework in Frameworks */ = {isa = PBXBuildFile; fileRef = CD46233D19330A6E008C3D50 /* Foundation.framework */; };
		CD46234019330A6E008C3D50 /* CoreGraphics.framework in Frameworks */ = {isa = PBXBuildFile; fileRef = CD46233F19330A6E008C3D50 /* CoreGraphics.framework */; };
		CD46234219330A6E008C3D50 /* UIKit.framework in Frameworks */ = {isa = PBXBuildFile; fileRef = CD46234119330A6E008C3D50 /* UIKit.framework */; };
		CD46234819330A6E008C3D50 /* InfoPlist.strings in Resources */ = {isa = PBXBuildFile; fileRef = CD46234619330A6E008C3D50 /* InfoPlist.strings */; };
		CD46234A19330A6E008C3D50 /* main.m in Sources */ = {isa = PBXBuildFile; fileRef = CD46234919330A6E008C3D50 /* main.m */; };
		CD46234E19330A6E008C3D50 /* AppDelegate.m in Sources */ = {isa = PBXBuildFile; fileRef = CD46234D19330A6E008C3D50 /* AppDelegate.m */; };
		CD46235119330A6E008C3D50 /* Main_iPhone.storyboard in Resources */ = {isa = PBXBuildFile; fileRef = CD46234F19330A6E008C3D50 /* Main_iPhone.storyboard */; };
		CD46235419330A6E008C3D50 /* Main_iPad.storyboard in Resources */ = {isa = PBXBuildFile; fileRef = CD46235219330A6E008C3D50 /* Main_iPad.storyboard */; };
		CD46235719330A6E008C3D50 /* ViewController.m in Sources */ = {isa = PBXBuildFile; fileRef = CD46235619330A6E008C3D50 /* ViewController.m */; };
		CD46235919330A6E008C3D50 /* Images.xcassets in Resources */ = {isa = PBXBuildFile; fileRef = CD46235819330A6E008C3D50 /* Images.xcassets */; };
		CD46236019330A6E008C3D50 /* XCTest.framework in Frameworks */ = {isa = PBXBuildFile; fileRef = CD46235F19330A6E008C3D50 /* XCTest.framework */; };
		CD46236119330A6E008C3D50 /* Foundation.framework in Frameworks */ = {isa = PBXBuildFile; fileRef = CD46233D19330A6E008C3D50 /* Foundation.framework */; };
		CD46236219330A6E008C3D50 /* UIKit.framework in Frameworks */ = {isa = PBXBuildFile; fileRef = CD46234119330A6E008C3D50 /* UIKit.framework */; };
		CD46236A19330A6E008C3D50 /* InfoPlist.strings in Resources */ = {isa = PBXBuildFile; fileRef = CD46236819330A6E008C3D50 /* InfoPlist.strings */; };
		CD46236C19330A6E008C3D50 /* InitialGitHubTests.m in Sources */ = {isa = PBXBuildFile; fileRef = CD46236B19330A6E008C3D50 /* InitialGitHubTests.m */; };
/* End PBXBuildFile section */

/* Begin PBXContainerItemProxy section */
		CD46236319330A6E008C3D50 /* PBXContainerItemProxy */ = {
			isa = PBXContainerItemProxy;
			containerPortal = CD46233219330A6D008C3D50 /* Project object */;
			proxyType = 1;
			remoteGlobalIDString = CD46233919330A6E008C3D50;
			remoteInfo = InitialGitHub;
		};
/* End PBXContainerItemProxy section */

/* Begin PBXFileReference section */
		CD46233A19330A6E008C3D50 /* InitialGitHub.app */ = {isa = PBXFileReference; explicitFileType = wrapper.application; includeInIndex = 0; path = InitialGitHub.app; sourceTree = BUILT_PRODUCTS_DIR; };
		CD46233D19330A6E008C3D50 /* Foundation.framework */ = {isa = PBXFileReference; lastKnownFileType = wrapper.framework; name = Foundation.framework; path = System/Library/Frameworks/Foundation.framework; sourceTree = SDKROOT; };
		CD46233F19330A6E008C3D50 /* CoreGraphics.framework */ = {isa = PBXFileReference; lastKnownFileType = wrapper.framework; name = CoreGraphics.framework; path = System/Library/Frameworks/CoreGraphics.framework; sourceTree = SDKROOT; };
		CD46234119330A6E008C3D50 /* UIKit.framework */ = {isa = PBXFileReference; lastKnownFileType = wrapper.framework; name = UIKit.framework; path = System/Library/Frameworks/UIKit.framework; sourceTree = SDKROOT; };
		CD46234519330A6E008C3D50 /* InitialGitHub-Info.plist */ = {isa = PBXFileReference; lastKnownFileType = text.plist.xml; path = "InitialGitHub-Info.plist"; sourceTree = "<group>"; };
		CD46234719330A6E008C3D50 /* en */ = {isa = PBXFileReference; lastKnownFileType = text.plist.strings; name = en; path = en.lproj/InfoPlist.strings; sourceTree = "<group>"; };
		CD46234919330A6E008C3D50 /* main.m */ = {isa = PBXFileReference; lastKnownFileType = sourcecode.c.objc; path = main.m; sourceTree = "<group>"; };
		CD46234B19330A6E008C3D50 /* InitialGitHub-Prefix.pch */ = {isa = PBXFileReference; lastKnownFileType = sourcecode.c.h; path = "InitialGitHub-Prefix.pch"; sourceTree = "<group>"; };
		CD46234C19330A6E008C3D50 /* AppDelegate.h */ = {isa = PBXFileReference; lastKnownFileType = sourcecode.c.h; path = AppDelegate.h; sourceTree = "<group>"; };
		CD46234D19330A6E008C3D50 /* AppDelegate.m */ = {isa = PBXFileReference; lastKnownFileType = sourcecode.c.objc; path = AppDelegate.m; sourceTree = "<group>"; };
		CD46235019330A6E008C3D50 /* Base */ = {isa = PBXFileReference; lastKnownFileType = file.storyboard; name = Base; path = Base.lproj/Main_iPhone.storyboard; sourceTree = "<group>"; };
		CD46235319330A6E008C3D50 /* Base */ = {isa = PBXFileReference; lastKnownFileType = file.storyboard; name = Base; path = Base.lproj/Main_iPad.storyboard; sourceTree = "<group>"; };
		CD46235519330A6E008C3D50 /* ViewController.h */ = {isa = PBXFileReference; lastKnownFileType = sourcecode.c.h; path = ViewController.h; sourceTree = "<group>"; };
		CD46235619330A6E008C3D50 /* ViewController.m */ = {isa = PBXFileReference; lastKnownFileType = sourcecode.c.objc; path = ViewController.m; sourceTree = "<group>"; };
		CD46235819330A6E008C3D50 /* Images.xcassets */ = {isa = PBXFileReference; lastKnownFileType = folder.assetcatalog; path = Images.xcassets; sourceTree = "<group>"; };
		CD46235E19330A6E008C3D50 /* InitialGitHubTests.xctest */ = {isa = PBXFileReference; explicitFileType = wrapper.cfbundle; includeInIndex = 0; path = InitialGitHubTests.xctest; sourceTree = BUILT_PRODUCTS_DIR; };
		CD46235F19330A6E008C3D50 /* XCTest.framework */ = {isa = PBXFileReference; lastKnownFileType = wrapper.framework; name = XCTest.framework; path = Library/Frameworks/XCTest.framework; sourceTree = DEVELOPER_DIR; };
		CD46236719330A6E008C3D50 /* InitialGitHubTests-Info.plist */ = {isa = PBXFileReference; lastKnownFileType = text.plist.xml; path = "InitialGitHubTests-Info.plist"; sourceTree = "<group>"; };
		CD46236919330A6E008C3D50 /* en */ = {isa = PBXFileReference; lastKnownFileType = text.plist.strings; name = en; path = en.lproj/InfoPlist.strings; sourceTree = "<group>"; };
		CD46236B19330A6E008C3D50 /* InitialGitHubTests.m */ = {isa = PBXFileReference; lastKnownFileType = sourcecode.c.objc; path = InitialGitHubTests.m; sourceTree = "<group>"; };
/* End PBXFileReference section */

/* Begin PBXFrameworksBuildPhase section */
		CD46233719330A6E008C3D50 /* Frameworks */ = {
			isa = PBXFrameworksBuildPhase;
			buildActionMask = 2147483647;
			files = (
				CD46234019330A6E008C3D50 /* CoreGraphics.framework in Frameworks */,
				CD46234219330A6E008C3D50 /* UIKit.framework in Frameworks */,
				CD46233E19330A6E008C3D50 /* Foundation.framework in Frameworks */,
			);
			runOnlyForDeploymentPostprocessing = 0;
		};
		CD46235B19330A6E008C3D50 /* Frameworks */ = {
			isa = PBXFrameworksBuildPhase;
			buildActionMask = 2147483647;
			files = (
				CD46236019330A6E008C3D50 /* XCTest.framework in Frameworks */,
				CD46236219330A6E008C3D50 /* UIKit.framework in Frameworks */,
				CD46236119330A6E008C3D50 /* Foundation.framework in Frameworks */,
			);
			runOnlyForDeploymentPostprocessing = 0;
		};
/* End PBXFrameworksBuildPhase section */

/* Begin PBXGroup section */
		CD46233119330A6D008C3D50 = {
			isa = PBXGroup;
			children = (
				CD46234319330A6E008C3D50 /* InitialGitHub */,
				CD46236519330A6E008C3D50 /* InitialGitHubTests */,
				CD46233C19330A6E008C3D50 /* Frameworks */,
				CD46233B19330A6E008C3D50 /* Products */,
			);
			sourceTree = "<group>";
		};
		CD46233B19330A6E008C3D50 /* Products */ = {
			isa = PBXGroup;
			children = (
				CD46233A19330A6E008C3D50 /* InitialGitHub.app */,
				CD46235E19330A6E008C3D50 /* InitialGitHubTests.xctest */,
			);
			name = Products;
			sourceTree = "<group>";
		};
		CD46233C19330A6E008C3D50 /* Frameworks */ = {
			isa = PBXGroup;
			children = (
				CD46233D19330A6E008C3D50 /* Foundation.framework */,
				CD46233F19330A6E008C3D50 /* CoreGraphics.framework */,
				CD46234119330A6E008C3D50 /* UIKit.framework */,
				CD46235F19330A6E008C3D50 /* XCTest.framework */,
			);
			name = Frameworks;
			sourceTree = "<group>";
		};
		CD46234319330A6E008C3D50 /* InitialGitHub */ = {
			isa = PBXGroup;
			children = (
				CD46234C19330A6E008C3D50 /* AppDelegate.h */,
				CD46234D19330A6E008C3D50 /* AppDelegate.m */,
				CD46234F19330A6E008C3D50 /* Main_iPhone.storyboard */,
				CD46235219330A6E008C3D50 /* Main_iPad.storyboard */,
				CD46235519330A6E008C3D50 /* ViewController.h */,
				CD46235619330A6E008C3D50 /* ViewController.m */,
				CD46235819330A6E008C3D50 /* Images.xcassets */,
				CD46234419330A6E008C3D50 /* Supporting Files */,
			);
			path = InitialGitHub;
			sourceTree = "<group>";
		};
		CD46234419330A6E008C3D50 /* Supporting Files */ = {
			isa = PBXGroup;
			children = (
				CD46234519330A6E008C3D50 /* InitialGitHub-Info.plist */,
				CD46234619330A6E008C3D50 /* InfoPlist.strings */,
				CD46234919330A6E008C3D50 /* main.m */,
				CD46234B19330A6E008C3D50 /* InitialGitHub-Prefix.pch */,
			);
			name = "Supporting Files";
			sourceTree = "<group>";
		};
		CD46236519330A6E008C3D50 /* InitialGitHubTests */ = {
			isa = PBXGroup;
			children = (
				CD46236B19330A6E008C3D50 /* InitialGitHubTests.m */,
				CD46236619330A6E008C3D50 /* Supporting Files */,
			);
			path = InitialGitHubTests;
			sourceTree = "<group>";
		};
		CD46236619330A6E008C3D50 /* Supporting Files */ = {
			isa = PBXGroup;
			children = (
				CD46236719330A6E008C3D50 /* InitialGitHubTests-Info.plist */,
				CD46236819330A6E008C3D50 /* InfoPlist.strings */,
			);
			name = "Supporting Files";
			sourceTree = "<group>";
		};
/* End PBXGroup section */

/* Begin PBXNativeTarget section */
		CD46233919330A6E008C3D50 /* InitialGitHub */ = {
			isa = PBXNativeTarget;
			buildConfigurationList = CD46236F19330A6E008C3D50 /* Build configuration list for PBXNativeTarget "InitialGitHub" */;
			buildPhases = (
				CD46233619330A6E008C3D50 /* Sources */,
				CD46233719330A6E008C3D50 /* Frameworks */,
				CD46233819330A6E008C3D50 /* Resources */,
			);
			buildRules = (
			);
			dependencies = (
			);
			name = InitialGitHub;
			productName = InitialGitHub;
			productReference = CD46233A19330A6E008C3D50 /* InitialGitHub.app */;
			productType = "com.apple.product-type.application";
		};
		CD46235D19330A6E008C3D50 /* InitialGitHubTests */ = {
			isa = PBXNativeTarget;
			buildConfigurationList = CD46237219330A6E008C3D50 /* Build configuration list for PBXNativeTarget "InitialGitHubTests" */;
			buildPhases = (
				CD46235A19330A6E008C3D50 /* Sources */,
				CD46235B19330A6E008C3D50 /* Frameworks */,
				CD46235C19330A6E008C3D50 /* Resources */,
			);
			buildRules = (
			);
			dependencies = (
				CD46236419330A6E008C3D50 /* PBXTargetDependency */,
			);
			name = InitialGitHubTests;
			productName = InitialGitHubTests;
			productReference = CD46235E19330A6E008C3D50 /* InitialGitHubTests.xctest */;
			productType = "com.apple.product-type.bundle.unit-test";
		};
/* End PBXNativeTarget section */

/* Begin PBXProject section */
		CD46233219330A6D008C3D50 /* Project object */ = {
			isa = PBXProject;
			attributes = {
				LastUpgradeCheck = 0510;
				ORGANIZATIONNAME = "Tomohiro Ishino";
				TargetAttributes = {
					CD46235D19330A6E008C3D50 = {
						TestTargetID = CD46233919330A6E008C3D50;
					};
				};
			};
			buildConfigurationList = CD46233519330A6E008C3D50 /* Build configuration list for PBXProject "InitialGitHub" */;
			compatibilityVersion = "Xcode 3.2";
			developmentRegion = English;
			hasScannedForEncodings = 0;
			knownRegions = (
				en,
				Base,
			);
			mainGroup = CD46233119330A6D008C3D50;
			productRefGroup = CD46233B19330A6E008C3D50 /* Products */;
			projectDirPath = "";
			projectRoot = "";
			targets = (
				CD46233919330A6E008C3D50 /* InitialGitHub */,
				CD46235D19330A6E008C3D50 /* InitialGitHubTests */,
			);
		};
/* End PBXProject section */

/* Begin PBXResourcesBuildPhase section */
		CD46233819330A6E008C3D50 /* Resources */ = {
			isa = PBXResourcesBuildPhase;
			buildActionMask = 2147483647;
			files = (
				CD46235419330A6E008C3D50 /* Main_iPad.storyboard in Resources */,
				CD46235919330A6E008C3D50 /* Images.xcassets in Resources */,
				CD46235119330A6E008C3D50 /* Main_iPhone.storyboard in Resources */,
				CD46234819330A6E008C3D50 /* InfoPlist.strings in Resources */,
			);
			runOnlyForDeploymentPostprocessing = 0;
		};
		CD46235C19330A6E008C3D50 /* Resources */ = {
			isa = PBXResourcesBuildPhase;
			buildActionMask = 2147483647;
			files = (
				CD46236A19330A6E008C3D50 /* InfoPlist.strings in Resources */,
			);
			runOnlyForDeploymentPostprocessing = 0;
		};
/* End PBXResourcesBuildPhase section */

/* Begin PBXSourcesBuildPhase section */
		CD46233619330A6E008C3D50 /* Sources */ = {
			isa = PBXSourcesBuildPhase;
			buildActionMask = 2147483647;
			files = (
				CD46235719330A6E008C3D50 /* ViewController.m in Sources */,
				CD46234E19330A6E008C3D50 /* AppDelegate.m in Sources */,
				CD46234A19330A6E008C3D50 /* main.m in Sources */,
			);
			runOnlyForDeploymentPostprocessing = 0;
		};
		CD46235A19330A6E008C3D50 /* Sources */ = {
			isa = PBXSourcesBuildPhase;
			buildActionMask = 2147483647;
			files = (
				CD46236C19330A6E008C3D50 /* InitialGitHubTests.m in Sources */,
			);
			runOnlyForDeploymentPostprocessing = 0;
		};
/* End PBXSourcesBuildPhase section */

/* Begin PBXTargetDependency section */
		CD46236419330A6E008C3D50 /* PBXTargetDependency */ = {
			isa = PBXTargetDependency;
			target = CD46233919330A6E008C3D50 /* InitialGitHub */;
			targetProxy = CD46236319330A6E008C3D50 /* PBXContainerItemProxy */;
		};
/* End PBXTargetDependency section */

/* Begin PBXVariantGroup section */
		CD46234619330A6E008C3D50 /* InfoPlist.strings */ = {
			isa = PBXVariantGroup;
			children = (
				CD46234719330A6E008C3D50 /* en */,
			);
			name = InfoPlist.strings;
			sourceTree = "<group>";
		};
		CD46234F19330A6E008C3D50 /* Main_iPhone.storyboard */ = {
			isa = PBXVariantGroup;
			children = (
				CD46235019330A6E008C3D50 /* Base */,
			);
			name = Main_iPhone.storyboard;
			sourceTree = "<group>";
		};
		CD46235219330A6E008C3D50 /* Main_iPad.storyboard */ = {
			isa = PBXVariantGroup;
			children = (
				CD46235319330A6E008C3D50 /* Base */,
			);
			name = Main_iPad.storyboard;
			sourceTree = "<group>";
		};
		CD46236819330A6E008C3D50 /* InfoPlist.strings */ = {
			isa = PBXVariantGroup;
			children = (
				CD46236919330A6E008C3D50 /* en */,
			);
			name = InfoPlist.strings;
			sourceTree = "<group>";
		};
/* End PBXVariantGroup section */

/* Begin XCBuildConfiguration section */
		CD46236D19330A6E008C3D50 /* Debug */ = {
			isa = XCBuildConfiguration;
			buildSettings = {
				ALWAYS_SEARCH_USER_PATHS = NO;
				CLANG_CXX_LANGUAGE_STANDARD = "gnu++0x";
				CLANG_CXX_LIBRARY = "libc++";
				CLANG_ENABLE_MODULES = YES;
				CLANG_ENABLE_OBJC_ARC = YES;
				CLANG_WARN_BOOL_CONVERSION = YES;
				CLANG_WARN_CONSTANT_CONVERSION = YES;
				CLANG_WARN_DIRECT_OBJC_ISA_USAGE = YES_ERROR;
				CLANG_WARN_EMPTY_BODY = YES;
				CLANG_WARN_ENUM_CONVERSION = YES;
				CLANG_WARN_INT_CONVERSION = YES;
				CLANG_WARN_OBJC_ROOT_CLASS = YES_ERROR;
				CLANG_WARN__DUPLICATE_METHOD_MATCH = YES;
				"CODE_SIGN_IDENTITY[sdk=iphoneos*]" = "iPhone Developer";
				COPY_PHASE_STRIP = NO;
				GCC_C_LANGUAGE_STANDARD = gnu99;
				GCC_DYNAMIC_NO_PIC = NO;
				GCC_OPTIMIZATION_LEVEL = 0;
				GCC_PREPROCESSOR_DEFINITIONS = (
					"DEBUG=1",
					"$(inherited)",
				);
				GCC_SYMBOLS_PRIVATE_EXTERN = NO;
				GCC_WARN_64_TO_32_BIT_CONVERSION = YES;
				GCC_WARN_ABOUT_RETURN_TYPE = YES_ERROR;
				GCC_WARN_UNDECLARED_SELECTOR = YES;
				GCC_WARN_UNINITIALIZED_AUTOS = YES_AGGRESSIVE;
				GCC_WARN_UNUSED_FUNCTION = YES;
				GCC_WARN_UNUSED_VARIABLE = YES;
				IPHONEOS_DEPLOYMENT_TARGET = 7.1;
				ONLY_ACTIVE_ARCH = YES;
				SDKROOT = iphoneos;
				TARGETED_DEVICE_FAMILY = "1,2";
			};
			name = Debug;
		};
		CD46236E19330A6E008C3D50 /* Release */ = {
			isa = XCBuildConfiguration;
			buildSettings = {
				ALWAYS_SEARCH_USER_PATHS = NO;
				CLANG_CXX_LANGUAGE_STANDARD = "gnu++0x";
				CLANG_CXX_LIBRARY = "libc++";
				CLANG_ENABLE_MODULES = YES;
				CLANG_ENABLE_OBJC_ARC = YES;
				CLANG_WARN_BOOL_CONVERSION = YES;
				CLANG_WARN_CONSTANT_CONVERSION = YES;
				CLANG_WARN_DIRECT_OBJC_ISA_USAGE = YES_ERROR;
				CLANG_WARN_EMPTY_BODY = YES;
				CLANG_WARN_ENUM_CONVERSION = YES;
				CLANG_WARN_INT_CONVERSION = YES;
				CLANG_WARN_OBJC_ROOT_CLASS = YES_ERROR;
				CLANG_WARN__DUPLICATE_METHOD_MATCH = YES;
				"CODE_SIGN_IDENTITY[sdk=iphoneos*]" = "iPhone Developer";
				COPY_PHASE_STRIP = YES;
				ENABLE_NS_ASSERTIONS = NO;
				GCC_C_LANGUAGE_STANDARD = gnu99;
				GCC_WARN_64_TO_32_BIT_CONVERSION = YES;
				GCC_WARN_ABOUT_RETURN_TYPE = YES_ERROR;
				GCC_WARN_UNDECLARED_SELECTOR = YES;
				GCC_WARN_UNINITIALIZED_AUTOS = YES_AGGRESSIVE;
				GCC_WARN_UNUSED_FUNCTION = YES;
				GCC_WARN_UNUSED_VARIABLE = YES;
				IPHONEOS_DEPLOYMENT_TARGET = 7.1;
				SDKROOT = iphoneos;
				TARGETED_DEVICE_FAMILY = "1,2";
				VALIDATE_PRODUCT = YES;
			};
			name = Release;
		};
		CD46237019330A6E008C3D50 /* Debug */ = {
			isa = XCBuildConfiguration;
			buildSettings = {
				ASSETCATALOG_COMPILER_APPICON_NAME = AppIcon;
				ASSETCATALOG_COMPILER_LAUNCHIMAGE_NAME = LaunchImage;
				GCC_PRECOMPILE_PREFIX_HEADER = YES;
				GCC_PREFIX_HEADER = "InitialGitHub/InitialGitHub-Prefix.pch";
				INFOPLIST_FILE = "InitialGitHub/InitialGitHub-Info.plist";
				PRODUCT_NAME = "$(TARGET_NAME)";
				WRAPPER_EXTENSION = app;
			};
			name = Debug;
		};
		CD46237119330A6E008C3D50 /* Release */ = {
			isa = XCBuildConfiguration;
			buildSettings = {
				ASSETCATALOG_COMPILER_APPICON_NAME = AppIcon;
				ASSETCATALOG_COMPILER_LAUNCHIMAGE_NAME = LaunchImage;
				GCC_PRECOMPILE_PREFIX_HEADER = YES;
				GCC_PREFIX_HEADER = "InitialGitHub/InitialGitHub-Prefix.pch";
				INFOPLIST_FILE = "InitialGitHub/InitialGitHub-Info.plist";
				PRODUCT_NAME = "$(TARGET_NAME)";
				WRAPPER_EXTENSION = app;
			};
			name = Release;
		};
		CD46237319330A6E008C3D50 /* Debug */ = {
			isa = XCBuildConfiguration;
			buildSettings = {
				BUNDLE_LOADER = "$(BUILT_PRODUCTS_DIR)/InitialGitHub.app/InitialGitHub";
				FRAMEWORK_SEARCH_PATHS = (
					"$(SDKROOT)/Developer/Library/Frameworks",
					"$(inherited)",
					"$(DEVELOPER_FRAMEWORKS_DIR)",
				);
				GCC_PRECOMPILE_PREFIX_HEADER = YES;
				GCC_PREFIX_HEADER = "InitialGitHub/InitialGitHub-Prefix.pch";
				GCC_PREPROCESSOR_DEFINITIONS = (
					"DEBUG=1",
					"$(inherited)",
				);
				INFOPLIST_FILE = "InitialGitHubTests/InitialGitHubTests-Info.plist";
				PRODUCT_NAME = "$(TARGET_NAME)";
				TEST_HOST = "$(BUNDLE_LOADER)";
				WRAPPER_EXTENSION = xctest;
			};
			name = Debug;
		};
		CD46237419330A6E008C3D50 /* Release */ = {
			isa = XCBuildConfiguration;
			buildSettings = {
				BUNDLE_LOADER = "$(BUILT_PRODUCTS_DIR)/InitialGitHub.app/InitialGitHub";
				FRAMEWORK_SEARCH_PATHS = (
					"$(SDKROOT)/Developer/Library/Frameworks",
					"$(inherited)",
					"$(DEVELOPER_FRAMEWORKS_DIR)",
				);
				GCC_PRECOMPILE_PREFIX_HEADER = YES;
				GCC_PREFIX_HEADER = "InitialGitHub/InitialGitHub-Prefix.pch";
				INFOPLIST_FILE = "InitialGitHubTests/InitialGitHubTests-Info.plist";
				PRODUCT_NAME = "$(TARGET_NAME)";
				TEST_HOST = "$(BUNDLE_LOADER)";
				WRAPPER_EXTENSION = xctest;
			};
			name = Release;
		};
/* End XCBuildConfiguration section */

/* Begin XCConfigurationList section */
		CD46233519330A6E008C3D50 /* Build configuration list for PBXProject "InitialGitHub" */ = {
			isa = XCConfigurationList;
			buildConfigurations = (
				CD46236D19330A6E008C3D50 /* Debug */,
				CD46236E19330A6E008C3D50 /* Release */,
			);
			defaultConfigurationIsVisible = 0;
			defaultConfigurationName = Release;
		};
		CD46236F19330A6E008C3D50 /* Build configuration list for PBXNativeTarget "InitialGitHub" */ = {
			isa = XCConfigurationList;
			buildConfigurations = (
				CD46237019330A6E008C3D50 /* Debug */,
				CD46237119330A6E008C3D50 /* Release */,
			);
			defaultConfigurationIsVisible = 0;
		};
		CD46237219330A6E008C3D50 /* Build configuration list for PBXNativeTarget "InitialGitHubTests" */ = {
			isa = XCConfigurationList;
			buildConfigurations = (
				CD46237319330A6E008C3D50 /* Debug */,
				CD46237419330A6E008C3D50 /* Release */,
			);
			defaultConfigurationIsVisible = 0;
		};
/* End XCConfigurationList section */
	};
	rootObject = CD46233219330A6D008C3D50 /* Project object */;
}
